
Microsoft Visual Studio Solution File, Format Version 12.00
# Visual Studio Version 17
VisualStudioVersion = 17.3.32929.385
MinimumVisualStudioVersion = 10.0.40219.1
Project("{9A19103F-16F7-4668-BE54-9A1E7A4F7556}") = "xTimeTracker.API", "xTimeTracker.API\xTimeTracker.API.csproj", "{414BE7B9-09BD-4F42-AF19-12BDB9F56F91}"
EndProject
Project("{9A19103F-16F7-4668-BE54-9A1E7A4F7556}") = "xTimeTracker.Core", "xTimeTracker.Core\xTimeTracker.Core.csproj", "{FB8DB86F-5623-415F-8769-186FB35F33B9}"
EndProject
Project("{9A19103F-16F7-4668-BE54-9A1E7A4F7556}") = "xTimeTracker.BusinessLogic", "xTimeTracker.BusinessLogic\xTimeTracker.BusinessLogic.csproj", "{2AA02BA6-53E8-4592-8A4E-4032846DC47F}"
	ProjectSection(ProjectDependencies) = postProject
		{FB8DB86F-5623-415F-8769-186FB35F33B9} = {FB8DB86F-5623-415F-8769-186FB35F33B9}
	EndProjectSection
EndProject
Project("{9A19103F-16F7-4668-BE54-9A1E7A4F7556}") = "xTimeTracker.DataAccess.MSSQL", "xTimeTracker.DataAccess.MSSQL\xTimeTracker.DataAccess.MSSQL.csproj", "{00F95232-6D32-4575-9B1C-554FE135FC4A}"
EndProject
Project("{2150E333-8FDC-42A3-9474-1A3956D46DE8}") = "Tests", "Tests", "{43F5197F-9120-4FDC-B2CA-3BB8ABE61C0C}"
EndProject
Project("{9A19103F-16F7-4668-BE54-9A1E7A4F7556}") = "xTimeTracker.BusinessLogic.Tests", "xTimeTracker.BusinessLogic.Tests\xTimeTracker.BusinessLogic.Tests.csproj", "{9E3F3557-6660-4943-8823-264D0D21CE35}"
EndProject
Project("{FAE04EC0-301F-11D3-BF4B-00C04F79EFBC}") = "xTimeTracker.API.IntegrationTests", "xTimeTracker.API.IntegrationTests\xTimeTracker.API.IntegrationTests.csproj", "{E0DB2384-9B33-4A0B-A57D-3788BE854BED}"
EndProject
Global
	GlobalSection(SolutionConfigurationPlatforms) = preSolution
		Debug|Any CPU = Debug|Any CPU
		Release|Any CPU = Release|Any CPU
	EndGlobalSection
	GlobalSection(ProjectConfigurationPlatforms) = postSolution
		{414BE7B9-09BD-4F42-AF19-12BDB9F56F91}.Debug|Any CPU.ActiveCfg = Debug|Any CPU
		{414BE7B9-09BD-4F42-AF19-12BDB9F56F91}.Debug|Any CPU.Build.0 = Debug|Any CPU
		{414BE7B9-09BD-4F42-AF19-12BDB9F56F91}.Release|Any CPU.ActiveCfg = Release|Any CPU
		{414BE7B9-09BD-4F42-AF19-12BDB9F56F91}.Release|Any CPU.Build.0 = Release|Any CPU
		{FB8DB86F-5623-415F-8769-186FB35F33B9}.Debug|Any CPU.ActiveCfg = Debug|Any CPU
		{FB8DB86F-5623-415F-8769-186FB35F33B9}.Debug|Any CPU.Build.0 = Debug|Any CPU
		{FB8DB86F-5623-415F-8769-186FB35F33B9}.Release|Any CPU.ActiveCfg = Release|Any CPU
		{FB8DB86F-5623-415F-8769-186FB35F33B9}.Release|Any CPU.Build.0 = Release|Any CPU
		{2AA02BA6-53E8-4592-8A4E-4032846DC47F}.Debug|Any CPU.ActiveCfg = Debug|Any CPU
		{2AA02BA6-53E8-4592-8A4E-4032846DC47F}.Debug|Any CPU.Build.0 = Debug|Any CPU
		{2AA02BA6-53E8-4592-8A4E-4032846DC47F}.Release|Any CPU.ActiveCfg = Release|Any CPU
		{2AA02BA6-53E8-4592-8A4E-4032846DC47F}.Release|Any CPU.Build.0 = Release|Any CPU
		{00F95232-6D32-4575-9B1C-554FE135FC4A}.Debug|Any CPU.ActiveCfg = Debug|Any CPU
		{00F95232-6D32-4575-9B1C-554FE135FC4A}.Debug|Any CPU.Build.0 = Debug|Any CPU
		{00F95232-6D32-4575-9B1C-554FE135FC4A}.Release|Any CPU.ActiveCfg = Release|Any CPU
		{00F95232-6D32-4575-9B1C-554FE135FC4A}.Release|Any CPU.Build.0 = Release|Any CPU
		{9E3F3557-6660-4943-8823-264D0D21CE35}.Debug|Any CPU.ActiveCfg = Debug|Any CPU
		{9E3F3557-6660-4943-8823-264D0D21CE35}.Debug|Any CPU.Build.0 = Debug|Any CPU
		{9E3F3557-6660-4943-8823-264D0D21CE35}.Release|Any CPU.ActiveCfg = Release|Any CPU
		{9E3F3557-6660-4943-8823-264D0D21CE35}.Release|Any CPU.Build.0 = Release|Any CPU
		{E0DB2384-9B33-4A0B-A57D-3788BE854BED}.Debug|Any CPU.ActiveCfg = Debug|Any CPU
		{E0DB2384-9B33-4A0B-A57D-3788BE854BED}.Debug|Any CPU.Build.0 = Debug|Any CPU
		{E0DB2384-9B33-4A0B-A57D-3788BE854BED}.Release|Any CPU.ActiveCfg = Release|Any CPU
		{E0DB2384-9B33-4A0B-A57D-3788BE854BED}.Release|Any CPU.Build.0 = Release|Any CPU
	EndGlobalSection
	GlobalSection(SolutionProperties) = preSolution
		HideSolutionNode = FALSE
	EndGlobalSection
	GlobalSection(NestedProjects) = preSolution
		{9E3F3557-6660-4943-8823-264D0D21CE35} = {43F5197F-9120-4FDC-B2CA-3BB8ABE61C0C}
		{E0DB2384-9B33-4A0B-A57D-3788BE854BED} = {43F5197F-9120-4FDC-B2CA-3BB8ABE61C0C}
	EndGlobalSection
	GlobalSection(ExtensibilityGlobals) = postSolution
		SolutionGuid = {1AF03402-82DD-4785-B424-2A2AB3CDC73B}
	EndGlobalSection
EndGlobal
